# THIS IS AN AUTOGENERATED FILE. DO NOT EDIT THIS FILE DIRECTLY.
# yarn lockfile v1


lucide-react@^0.303.0:
  version "0.303.0"
  resolved "https://registry.yarnpkg.com/lucide-react/-/lucide-react-0.303.0.tgz#48409f43b68fc930ac74f3de24c99614a2dc05c2"
  integrity sha512-B0B9T3dLEFBYPCUlnUS1mvAhW1craSbF9HO+JfBjAtpFUJ7gMIqmEwNSclikY3RiN2OnCkj/V1ReAQpaHae8Bg==
